
Microsoft Visual Studio Solution File, Format Version 12.00
# Visual Studio 15
VisualStudioVersion = 15.0.28307.1972
MinimumVisualStudioVersion = 10.0.40219.1
Project("{FAE04EC0-301F-11D3-BF4B-00C04F79EFBC}") = "WindowsFormsApp2", "WindowsFormsApp2\WindowsFormsApp2.csproj", "{CBD4C1C5-D040-4B0F-BC2A-72A6434B1E90}"
EndProject
Global
	GlobalSection(SolutionConfigurationPlatforms) = preSolution
		Debug|Any CPU = Debug|Any CPU
		Release|Any CPU = Release|Any CPU
	EndGlobalSection
	GlobalSection(ProjectConfigurationPlatforms) = postSolution
		{CBD4C1C5-D040-4B0F-BC2A-72A6434B1E90}.Debug|Any CPU.ActiveCfg = Debug|Any CPU
		{CBD4C1C5-D040-4B0F-BC2A-72A6434B1E90}.Debug|Any CPU.Build.0 = Debug|Any CPU
		{CBD4C1C5-D040-4B0F-BC2A-72A6434B1E90}.Release|Any CPU.ActiveCfg = Release|Any CPU
		{CBD4C1C5-D040-4B0F-BC2A-72A6434B1E90}.Release|Any CPU.Build.0 = Release|Any CPU
	EndGlobalSection
	GlobalSection(SolutionProperties) = preSolution
		HideSolutionNode = FALSE
	EndGlobalSection
	GlobalSection(ExtensibilityGlobals) = postSolution
		SolutionGuid = {B9284A1B-4A9C-47BE-9C00-46BDD20344C1}
	EndGlobalSection
EndGlobal
